{

  "name": "macropad-frontend",

  "lockfileVersion": 2,

  "requires": true,

  "packages": {

    "": {

      "devDependencies": {

        "@gauntface/logger": "^3.0.41"

      }

    },

    "node_modules/@gauntface/logger": {

      "version": "3.0.41",

      "resolved": "https://registry.npmjs.org/@gauntface/logger/-/logger-3.0.41.tgz",

      "integrity": "sha512-BaihVMT90eg3ol2bh0OiV07qYPcuI1+H3rmOY/kFpwbQ/q3OTPXWCU6IslPw0JFyeJJgAGf4J8OQ1G8DzHcioQ==",

      "dev": true

    }

  },

  "dependencies": {

    "@gauntface/logger": {

      "version": "3.0.41",

      "resolved": "https://registry.npmjs.org/@gauntface/logger/-/logger-3.0.41.tgz",

      "integrity": "sha512-BaihVMT90eg3ol2bh0OiV07qYPcuI1+H3rmOY/kFpwbQ/q3OTPXWCU6IslPw0JFyeJJgAGf4J8OQ1G8DzHcioQ==",

      "dev": true

    }

  }

}

